
Microsoft Visual Studio Solution File, Format Version 12.00
# Visual Studio Version 16
VisualStudioVersion = 16.0.30204.135
MinimumVisualStudioVersion = 10.0.40219.1
Project("{FAE04EC0-301F-11D3-BF4B-00C04F79EFBC}") = "CompressionImageTool", "CompressionImageTool.csproj", "{8423DC15-C0F0-4F12-8458-80FD7C813D9B}"
EndProject
Global
	GlobalSection(SolutionConfigurationPlatforms) = preSolution
		Debug|Any CPU = Debug|Any CPU
		Release|Any CPU = Release|Any CPU
	EndGlobalSection
	GlobalSection(ProjectConfigurationPlatforms) = postSolution
		{8423DC15-C0F0-4F12-8458-80FD7C813D9B}.Debug|Any CPU.ActiveCfg = Debug|Any CPU
		{8423DC15-C0F0-4F12-8458-80FD7C813D9B}.Debug|Any CPU.Build.0 = Debug|Any CPU
		{8423DC15-C0F0-4F12-8458-80FD7C813D9B}.Release|Any CPU.ActiveCfg = Release|Any CPU
		{8423DC15-C0F0-4F12-8458-80FD7C813D9B}.Release|Any CPU.Build.0 = Release|Any CPU
	EndGlobalSection
	GlobalSection(SolutionProperties) = preSolution
		HideSolutionNode = FALSE
	EndGlobalSection
	GlobalSection(ExtensibilityGlobals) = postSolution
		SolutionGuid = {2F3E75A9-A173-4923-9942-059E1EE13BB5}
	EndGlobalSection
EndGlobal
